{
  "projects": [
    {
      "projectId": "m1NBpNyVff55Zfidoo96K",
      "version": "latest",
      "dependencies": {},
      "lang": "ts",
      "fileLocks": [
        {
          "type": "globalVariant",
          "assetId": "glcu7RS72yfE",
          "checksum": "d0638383e224c3ae7fee97cf0e75c749"
        },
        {
          "type": "renderModule",
          "assetId": "c5cG3YOuZriq",
          "checksum": "32b0c540e8a36e77167ee417c28e9483"
        },
        {
          "type": "cssRules",
          "assetId": "c5cG3YOuZriq",
          "checksum": "32b0c540e8a36e77167ee417c28e9483"
        },
        {
          "type": "renderModule",
          "assetId": "RwhbLl_Om_ZC",
          "checksum": "f537491259d771e5c757555d1220a734"
        },
        {
          "type": "cssRules",
          "assetId": "RwhbLl_Om_ZC",
          "checksum": "f537491259d771e5c757555d1220a734"
        },
        {
          "type": "renderModule",
          "assetId": "Jw8LASADv3c6",
          "checksum": "e91bbc43c8956bbf145aa1869515ef70"
        },
        {
          "type": "cssRules",
          "assetId": "Jw8LASADv3c6",
          "checksum": "e91bbc43c8956bbf145aa1869515ef70"
        },
        {
          "type": "renderModule",
          "assetId": "7pr-oMTovPPk",
          "checksum": "73b4f07b0f3349f5268b631705a40de9"
        },
        {
          "type": "cssRules",
          "assetId": "7pr-oMTovPPk",
          "checksum": "73b4f07b0f3349f5268b631705a40de9"
        },
        {
          "type": "renderModule",
          "assetId": "Q64BnQZXqBVa",
          "checksum": "80110780e96547ac2af958c8b5145bfd"
        },
        {
          "type": "cssRules",
          "assetId": "Q64BnQZXqBVa",
          "checksum": "80110780e96547ac2af958c8b5145bfd"
        },
        {
          "type": "renderModule",
          "assetId": "SDaEQZxE2LvS",
          "checksum": "56b66436436c5c500eac4656077927f6"
        },
        {
          "type": "cssRules",
          "assetId": "SDaEQZxE2LvS",
          "checksum": "56b66436436c5c500eac4656077927f6"
        },
        {
          "type": "renderModule",
          "assetId": "OZeHOUXqMPbS",
          "checksum": "0f7be121647ab3b80344b70624893f8b"
        },
        {
          "type": "cssRules",
          "assetId": "OZeHOUXqMPbS",
          "checksum": "0f7be121647ab3b80344b70624893f8b"
        },
        {
          "type": "renderModule",
          "assetId": "YrwEWRRF0zp_",
          "checksum": "ed179a3f1b4417462b5719514a9de1aa"
        },
        {
          "type": "cssRules",
          "assetId": "YrwEWRRF0zp_",
          "checksum": "ed179a3f1b4417462b5719514a9de1aa"
        },
        {
          "type": "renderModule",
          "assetId": "tq70WOqYWkeM",
          "checksum": "c66c4f8c56d95563deb6d301cec21ab8"
        },
        {
          "type": "cssRules",
          "assetId": "tq70WOqYWkeM",
          "checksum": "c66c4f8c56d95563deb6d301cec21ab8"
        },
        {
          "type": "renderModule",
          "assetId": "rgqxCLN4M_xR",
          "checksum": "d21bd79d7a4cb563f0419f0fd86bab9f"
        },
        {
          "type": "cssRules",
          "assetId": "rgqxCLN4M_xR",
          "checksum": "d21bd79d7a4cb563f0419f0fd86bab9f"
        },
        {
          "type": "renderModule",
          "assetId": "LvhQB8PJLaq9",
          "checksum": "6b5f85e2a0399b50b6b0cef641687150"
        },
        {
          "type": "cssRules",
          "assetId": "LvhQB8PJLaq9",
          "checksum": "6b5f85e2a0399b50b6b0cef641687150"
        },
        {
          "type": "renderModule",
          "assetId": "BsbjgAjpCS2J",
          "checksum": "2dc74dd66c07dc8fdae0122a1ed8df78"
        },
        {
          "type": "cssRules",
          "assetId": "BsbjgAjpCS2J",
          "checksum": "2dc74dd66c07dc8fdae0122a1ed8df78"
        },
        {
          "type": "renderModule",
          "assetId": "rLteRX8uF0XR",
          "checksum": "0121bc252c280d27048c54b7ac9fc84b"
        },
        {
          "type": "cssRules",
          "assetId": "rLteRX8uF0XR",
          "checksum": "0121bc252c280d27048c54b7ac9fc84b"
        },
        {
          "type": "renderModule",
          "assetId": "hRJXOxqWVqxg",
          "checksum": "b4f5923df94362893ed629f890ad0ec1"
        },
        {
          "type": "cssRules",
          "assetId": "hRJXOxqWVqxg",
          "checksum": "b4f5923df94362893ed629f890ad0ec1"
        },
        {
          "type": "renderModule",
          "assetId": "y49lYtjD6teJ",
          "checksum": "baab4e0b00efa7aa745a9d3ae8322f2b"
        },
        {
          "type": "cssRules",
          "assetId": "y49lYtjD6teJ",
          "checksum": "baab4e0b00efa7aa745a9d3ae8322f2b"
        },
        {
          "type": "renderModule",
          "assetId": "HrCA_7p3nRe1",
          "checksum": "aa8a32922b7d4b330b848c69606ce049"
        },
        {
          "type": "cssRules",
          "assetId": "HrCA_7p3nRe1",
          "checksum": "aa8a32922b7d4b330b848c69606ce049"
        },
        {
          "type": "renderModule",
          "assetId": "KLsgusME3qGg",
          "checksum": "5207f5a76e9494aac707bcca757292fd"
        },
        {
          "type": "cssRules",
          "assetId": "KLsgusME3qGg",
          "checksum": "5207f5a76e9494aac707bcca757292fd"
        },
        {
          "type": "renderModule",
          "assetId": "fbdLZICHv360",
          "checksum": "deed827762dbb55b1d75b647858edca0"
        },
        {
          "type": "cssRules",
          "assetId": "fbdLZICHv360",
          "checksum": "deed827762dbb55b1d75b647858edca0"
        },
        {
          "type": "renderModule",
          "assetId": "FrGYFq7yLRSO",
          "checksum": "6c30cfc392895b25e92b8e04c3c70e04"
        },
        {
          "type": "cssRules",
          "assetId": "FrGYFq7yLRSO",
          "checksum": "6c30cfc392895b25e92b8e04c3c70e04"
        },
        {
          "type": "renderModule",
          "assetId": "ePmbb3cTsIpf",
          "checksum": "446ecf128aaa7f1a23c4f8ac9076e982"
        },
        {
          "type": "cssRules",
          "assetId": "ePmbb3cTsIpf",
          "checksum": "446ecf128aaa7f1a23c4f8ac9076e982"
        },
        {
          "type": "icon",
          "assetId": "DmYYd1D1uHJ9",
          "checksum": "30bdacf67dc88ab674519a6f4af76ecc"
        },
        {
          "type": "icon",
          "assetId": "kZT43AvLh8c4",
          "checksum": "691a5eeb3100b1d885caf2feffee8395"
        },
        {
          "type": "icon",
          "assetId": "VAMjBaavLNfK",
          "checksum": "957faf49f7060df356a707edf551e1d1"
        },
        {
          "type": "icon",
          "assetId": "mestqBXOK04x",
          "checksum": "91ccf5df49e3d1dc1181fad23df5654e"
        },
        {
          "type": "icon",
          "assetId": "1tYQBOFCODtW",
          "checksum": "35b492e479bfc3840e595970c88b6e94"
        },
        {
          "type": "icon",
          "assetId": "TcLDfBcAwTha",
          "checksum": "d2c4c453236829728cad7f7b8f99116a"
        },
        {
          "type": "icon",
          "assetId": "W3BLK2IOphog",
          "checksum": "48d27a886707912149e7b6935ef4ec8f"
        },
        {
          "type": "icon",
          "assetId": "m3m2ld07vRan",
          "checksum": "e7e730de739f6a62a52051887a091ef2"
        },
        {
          "type": "icon",
          "assetId": "HJRyLFWnPo_3",
          "checksum": "290594272c93fa09ec85c7142c127452"
        },
        {
          "type": "icon",
          "assetId": "V_R1ys_TzRHZ",
          "checksum": "73e4e53952049e1cfb08b53b6c1314ee"
        },
        {
          "type": "icon",
          "assetId": "2yrFze734DXJ",
          "checksum": "3b1ce551445f50a0db38779ba2fc0911"
        },
        {
          "type": "icon",
          "assetId": "ALWYvEyWzpoP",
          "checksum": "6d7030da762d90439f3c5f787a0ab72a"
        },
        {
          "type": "icon",
          "assetId": "rdkc6ULqbQw0",
          "checksum": "6b47d08b65ad550ed977fa62b363ed1a"
        },
        {
          "type": "icon",
          "assetId": "xauW07Fwy87L",
          "checksum": "6d062a8ceea600d9c9878fea0f715974"
        },
        {
          "type": "icon",
          "assetId": "G4YR5P0FOZ-n",
          "checksum": "035e516d9af96bfa7fa45288b80f7399"
        },
        {
          "type": "icon",
          "assetId": "dmKnMZthHNc2",
          "checksum": "24063dd8a7d2fdcd7984ffe6877aa44d"
        },
        {
          "type": "icon",
          "assetId": "jORW9tmFpSe6",
          "checksum": "ad6d1a207680b52ba48f048d87f5c8a4"
        },
        {
          "type": "icon",
          "assetId": "q4LXXWIzkUt4",
          "checksum": "893a0b83deeb72e175206a9150c0adf9"
        },
        {
          "type": "icon",
          "assetId": "BiZ7apP_TpeS",
          "checksum": "6639c4f79a0b4ccdca13d420b9bbddee"
        },
        {
          "type": "icon",
          "assetId": "w11N5tEqPTdZ",
          "checksum": "2162d07ca337a19a8d6f7a996afdf15b"
        },
        {
          "type": "icon",
          "assetId": "KbvZ4agWvK8X",
          "checksum": "e5855decfd4dca244c2753fa51e288df"
        },
        {
          "type": "icon",
          "assetId": "etrhRhGGR1oV",
          "checksum": "7e996a72efba3874911ed1590da5ff19"
        },
        {
          "type": "icon",
          "assetId": "N72dfvk7aOku",
          "checksum": "a8ef0c0128de45cd56aee9d5c115ef7c"
        },
        {
          "type": "icon",
          "assetId": "m7z1Ot2Z454b",
          "checksum": "98ddcb86ca4a67f0a5b9fbb68d3f93a4"
        },
        {
          "type": "icon",
          "assetId": "qVkjDhytUlef",
          "checksum": "4778b9941a10924a1fd8b9140b458b06"
        },
        {
          "type": "icon",
          "assetId": "No-XScxtPFpx",
          "checksum": "7bb0cbadba106440159e764a2552b84f"
        },
        {
          "type": "icon",
          "assetId": "JjFsj8bH6ocX",
          "checksum": "318eb39c090d818f4ff541cec3c5666e"
        },
        {
          "type": "icon",
          "assetId": "9OM3qupB37--",
          "checksum": "409675cee337e3f0c11f21a0e8ed7d5b"
        },
        {
          "type": "icon",
          "assetId": "VFSmbDg8uCQt",
          "checksum": "6d3ca1ab75dbc66e92543b47690cbb2a"
        },
        {
          "type": "icon",
          "assetId": "zI35n43pfqIG",
          "checksum": "b3fb5c9bcb7f9717a3fd1363b201e9d2"
        },
        {
          "type": "icon",
          "assetId": "HHDZEpDMObZi",
          "checksum": "4d9a084c8afff4c4193ec6e540dc6228"
        },
        {
          "type": "icon",
          "assetId": "iqOdN6uCJDFW",
          "checksum": "db6eb4245683b4e0a3dca22f7977c5df"
        },
        {
          "type": "icon",
          "assetId": "fXxLmLXqNYcn",
          "checksum": "cdddd2ade7ca9b79519e33d116ed335a"
        },
        {
          "type": "icon",
          "assetId": "F2QAk3SzSySi",
          "checksum": "da74c31872af3851e009a6637e73ddaa"
        },
        {
          "type": "icon",
          "assetId": "mTVgT21mtU3l",
          "checksum": "044d46334b5cd45513a75a0e84b39b21"
        },
        {
          "type": "icon",
          "assetId": "7hXm7BscgLm-",
          "checksum": "96fcaa6a6ad62c0b56c7b3e5df6f6544"
        },
        {
          "type": "icon",
          "assetId": "dFOOTssdvFmL",
          "checksum": "5556c652622284941a001e61b3faa48c"
        },
        {
          "type": "icon",
          "assetId": "NWCZxXSBzmfB",
          "checksum": "6bb29d3218980d77328f86f12602e776"
        },
        {
          "type": "icon",
          "assetId": "uhX7KlEjL73G",
          "checksum": "b86bf65a27c2468006387a840d4e4b73"
        },
        {
          "type": "image",
          "assetId": "0TncyeRMKkWh",
          "checksum": "72ec97b3541605d8d8b0211b443516ec"
        },
        {
          "type": "image",
          "assetId": "-J2SJkVUgw6b",
          "checksum": "405ab2395524354b3224bc6bef593e1b"
        },
        {
          "type": "image",
          "assetId": "l-kUrhaU21WA",
          "checksum": "995eccb38e38fd4398849f485fd2becc"
        },
        {
          "type": "image",
          "assetId": "dRql0_6i3n-_",
          "checksum": "2944853697a1f309091eda5268ccf6cd"
        },
        {
          "type": "image",
          "assetId": "f8DgGT33Ii_x",
          "checksum": "92e89cd060f3f049a73610339a9b6633"
        },
        {
          "type": "image",
          "assetId": "zFhFOMhGaAbE",
          "checksum": "33ab09df0003686f2181e2f2479c78de"
        },
        {
          "type": "image",
          "assetId": "jncp3AnUYFQY",
          "checksum": "4559cc5b0d20e5253cbd231e7448c8e1"
        },
        {
          "type": "image",
          "assetId": "Dw6kw0taWSEk",
          "checksum": "ee1664a210e7c00f38154034a24d8c1c"
        },
        {
          "type": "image",
          "assetId": "J2I9Nf_iEvAc",
          "checksum": "b94d09e3d5a1014da2cbb4d454d2cc68"
        },
        {
          "type": "image",
          "assetId": "Q9ik7p-iCq3H",
          "checksum": "7f727ee09c053cb6fed839e56264d366"
        },
        {
          "type": "image",
          "assetId": "1Iu0GoOvUlgr",
          "checksum": "21360afcb3448d77894982b8a05158d8"
        },
        {
          "type": "image",
          "assetId": "QZoyTKEPlRwl",
          "checksum": "ead435be2d0037031bc4d0ca1251143f"
        },
        {
          "type": "image",
          "assetId": "wpkPuQJ8Lw2m",
          "checksum": "aadff6edc302d8b067cce3cba80b9332"
        },
        {
          "type": "image",
          "assetId": "NPuRILHIDQss",
          "checksum": "6d42022c07fd408161f10157c5fb3f4c"
        },
        {
          "type": "image",
          "assetId": "Njqu2hLNpKxP",
          "checksum": "b101fcea0ed08fb137eb27028f5cd877"
        },
        {
          "type": "image",
          "assetId": "ORsj01D-97Qy",
          "checksum": "8c23e49a1f864a31f493ffb2f39b2040"
        },
        {
          "type": "image",
          "assetId": "JDryz8o42g9o",
          "checksum": "92745f0050a1554f7d2e62a2c543893e"
        },
        {
          "type": "image",
          "assetId": "tvxOlJZp6h6M",
          "checksum": "ca301ed347f5d0904f19db01e91e8649"
        },
        {
          "type": "image",
          "assetId": "a9T2EiD57-cc",
          "checksum": "eab1e03f4ce6204097775b3e6d285ce0"
        },
        {
          "type": "image",
          "assetId": "ClpzGeqQGfdY",
          "checksum": "99696ff1da728f7fcd036f97e993a242"
        },
        {
          "type": "image",
          "assetId": "Hd-hRVmGeyeo",
          "checksum": "23c652329ee89179489a623b8a1ac6ee"
        },
        {
          "type": "image",
          "assetId": "wn8aueslHy93",
          "checksum": "de18640be198834c98f20b7931096b7a"
        },
        {
          "type": "image",
          "assetId": "v_C0sTKzSNMX",
          "checksum": "73c58c1b4cd8cdb409b5ddd5a1b6b7c0"
        },
        {
          "type": "image",
          "assetId": "rowSCAjtNoGy",
          "checksum": "f38e47cfdb9c536200466e7131d02afd"
        },
        {
          "type": "image",
          "assetId": "2-9HFGYKaGnE",
          "checksum": "2e3ff4e3dd225d18e63d044dfa71b0ae"
        },
        {
          "type": "image",
          "assetId": "NgUEzBMyABQe",
          "checksum": "e5182c25465686ccba8ca513924a2dad"
        },
        {
          "type": "image",
          "assetId": "PnZ3Ho2jEd1E",
          "checksum": "00beeb47fc095292700e6a0a698af1f5"
        },
        {
          "type": "image",
          "assetId": "wbW4trgQH3W5",
          "checksum": "578503cba1e2c8ba93bfa59e15fb4550"
        },
        {
          "type": "image",
          "assetId": "bi1_i4grh0Eu",
          "checksum": "966322555efe94fb6ee614ae89117557"
        },
        {
          "type": "image",
          "assetId": "OeX83hn7u_4r",
          "checksum": "9c2c25e2192801d813efa0d1cc369fee"
        },
        {
          "type": "image",
          "assetId": "d77-JegXJaJH",
          "checksum": "918a54536b3ecefa6e9a580fdde464ea"
        },
        {
          "type": "image",
          "assetId": "2k_GOWgrqT8U",
          "checksum": "7ce3cf23788f98cd8f9b6a684998ed89"
        },
        {
          "assetId": "m1NBpNyVff55Zfidoo96K",
          "type": "projectCss",
          "checksum": "1e077dfea7a18795354fcf2861c6ee62"
        }
      ]
    }
  ],
  "cliVersion": "0.1.166"
}
